// !$*UTF8*$!
{
	archiveVersion = 1;
	classes = {
	};
	objectVersion = 46;
	objects = {

/* Begin PBXBuildFile section */
		322F45483F817DEE59859DEA /* Pods_ProBill.framework in Frameworks */ = {isa = PBXBuildFile; fileRef = E3AD367AFB770682CEE4F9A6 /* Pods_ProBill.framework */; };
		480FC0491CDCB60600A57703 /* PhotoCellView.swift in Sources */ = {isa = PBXBuildFile; fileRef = 480FC0481CDCB60600A57703 /* PhotoCellView.swift */; };
		480FC04B1CDCB63E00A57703 /* PhotoCellView.xib in Resources */ = {isa = PBXBuildFile; fileRef = 480FC04A1CDCB63E00A57703 /* PhotoCellView.xib */; };
		480FC04D1CDCBA9C00A57703 /* AddPhotoCellView.xib in Resources */ = {isa = PBXBuildFile; fileRef = 480FC04C1CDCBA9C00A57703 /* AddPhotoCellView.xib */; };
		480FC04F1CDCF4B700A57703 /* Picture.swift in Sources */ = {isa = PBXBuildFile; fileRef = 480FC04E1CDCF4B700A57703 /* Picture.swift */; };
		4814CEE71CD4AD0A001556F4 /* AddBillViewController.swift in Sources */ = {isa = PBXBuildFile; fileRef = 4814CEE61CD4AD0A001556F4 /* AddBillViewController.swift */; };
		4814CEE91CD4B209001556F4 /* GlobalExtension.swift in Sources */ = {isa = PBXBuildFile; fileRef = 4814CEE81CD4B209001556F4 /* GlobalExtension.swift */; };
		4814CEEB1CD4F1A5001556F4 /* BillCell.xib in Resources */ = {isa = PBXBuildFile; fileRef = 4814CEEA1CD4F1A5001556F4 /* BillCell.xib */; };
		4814CEED1CD4F1B2001556F4 /* BillHeader.xib in Resources */ = {isa = PBXBuildFile; fileRef = 4814CEEC1CD4F1B2001556F4 /* BillHeader.xib */; };
		4814CEEF1CD4F1D1001556F4 /* BillCellView.swift in Sources */ = {isa = PBXBuildFile; fileRef = 4814CEEE1CD4F1D1001556F4 /* BillCellView.swift */; };
		4814CEF11CD4F1DC001556F4 /* BillHeaderView.swift in Sources */ = {isa = PBXBuildFile; fileRef = 4814CEF01CD4F1DC001556F4 /* BillHeaderView.swift */; };
		482D69251CEDE7F200753E6C /* StatisticsViewController.swift in Sources */ = {isa = PBXBuildFile; fileRef = 482D69241CEDE7F200753E6C /* StatisticsViewController.swift */; };
		4840A6A41CF09FDA00EB245E /* Charts.framework in Frameworks */ = {isa = PBXBuildFile; fileRef = 4840A6A31CF09FDA00EB245E /* Charts.framework */; };
		488917DB1CD55A0500966695 /* BillDetailViewController.swift in Sources */ = {isa = PBXBuildFile; fileRef = 488917DA1CD55A0500966695 /* BillDetailViewController.swift */; };
		489B44201CD37C08003208EA /* AppDelegate.swift in Sources */ = {isa = PBXBuildFile; fileRef = 489B441F1CD37C08003208EA /* AppDelegate.swift */; };
		489B44251CD37C08003208EA /* Main.storyboard in Resources */ = {isa = PBXBuildFile; fileRef = 489B44231CD37C08003208EA /* Main.storyboard */; };
		489B44281CD37C08003208EA /* ProBill.xcdatamodeld in Sources */ = {isa = PBXBuildFile; fileRef = 489B44261CD37C08003208EA /* ProBill.xcdatamodeld */; };
		489B442A1CD37C08003208EA /* Assets.xcassets in Resources */ = {isa = PBXBuildFile; fileRef = 489B44291CD37C08003208EA /* Assets.xcassets */; };
		489B442D1CD37C08003208EA /* LaunchScreen.storyboard in Resources */ = {isa = PBXBuildFile; fileRef = 489B442B1CD37C08003208EA /* LaunchScreen.storyboard */; };
		489B44381CD37C09003208EA /* ProBillTests.swift in Sources */ = {isa = PBXBuildFile; fileRef = 489B44371CD37C09003208EA /* ProBillTests.swift */; };
		489B44481CD3B6A2003208EA /* BillsViewController.swift in Sources */ = {isa = PBXBuildFile; fileRef = 489B44471CD3B6A2003208EA /* BillsViewController.swift */; };
		489B444A1CD3B703003208EA /* CategoriesViewController.swift in Sources */ = {isa = PBXBuildFile; fileRef = 489B44491CD3B703003208EA /* CategoriesViewController.swift */; };
		489B444C1CD3BF29003208EA /* Category.swift in Sources */ = {isa = PBXBuildFile; fileRef = 489B444B1CD3BF29003208EA /* Category.swift */; };
		489B444E1CD3C065003208EA /* SubCategory.swift in Sources */ = {isa = PBXBuildFile; fileRef = 489B444D1CD3C065003208EA /* SubCategory.swift */; };
		489B44501CD3C137003208EA /* Bill.swift in Sources */ = {isa = PBXBuildFile; fileRef = 489B444F1CD3C137003208EA /* Bill.swift */; };
		489B44561CD3D5CD003208EA /* CategoriesCellView.swift in Sources */ = {isa = PBXBuildFile; fileRef = 489B44551CD3D5CD003208EA /* CategoriesCellView.swift */; };
		489B44581CD3E26E003208EA /* SubCategoriesViewController.swift in Sources */ = {isa = PBXBuildFile; fileRef = 489B44571CD3E26E003208EA /* SubCategoriesViewController.swift */; };
		59D762CF7B213ACE5F10F2A0 /* Pods_ProBillTests.framework in Frameworks */ = {isa = PBXBuildFile; fileRef = 7917E2FD3B57A52BEA9EFBBA /* Pods_ProBillTests.framework */; };
/* End PBXBuildFile section */

/* Begin PBXContainerItemProxy section */
		489B44341CD37C09003208EA /* PBXContainerItemProxy */ = {
			isa = PBXContainerItemProxy;
			containerPortal = 489B44141CD37C08003208EA /* Project object */;
			proxyType = 1;
			remoteGlobalIDString = 489B441B1CD37C08003208EA;
			remoteInfo = ProBill;
		};
/* End PBXContainerItemProxy section */

/* Begin PBXFileReference section */
		013CB25ECECA36F84D3F2297 /* Pods-ProBillTests.debug.xcconfig */ = {isa = PBXFileReference; includeInIndex = 1; lastKnownFileType = text.xcconfig; name = "Pods-ProBillTests.debug.xcconfig"; path = "Pods/Target Support Files/Pods-ProBillTests/Pods-ProBillTests.debug.xcconfig"; sourceTree = "<group>"; };
		3475C52D8A0BEFA8CFCA8785 /* Pods-ProBill.debug.xcconfig */ = {isa = PBXFileReference; includeInIndex = 1; lastKnownFileType = text.xcconfig; name = "Pods-ProBill.debug.xcconfig"; path = "Pods/Target Support Files/Pods-ProBill/Pods-ProBill.debug.xcconfig"; sourceTree = "<group>"; };
		480FC0481CDCB60600A57703 /* PhotoCellView.swift */ = {isa = PBXFileReference; fileEncoding = 4; lastKnownFileType = sourcecode.swift; path = PhotoCellView.swift; sourceTree = "<group>"; };
		480FC04A1CDCB63E00A57703 /* PhotoCellView.xib */ = {isa = PBXFileReference; fileEncoding = 4; lastKnownFileType = file.xib; path = PhotoCellView.xib; sourceTree = "<group>"; };
		480FC04C1CDCBA9C00A57703 /* AddPhotoCellView.xib */ = {isa = PBXFileReference; fileEncoding = 4; lastKnownFileType = file.xib; path = AddPhotoCellView.xib; sourceTree = "<group>"; };
		480FC04E1CDCF4B700A57703 /* Picture.swift */ = {isa = PBXFileReference; fileEncoding = 4; lastKnownFileType = sourcecode.swift; path = Picture.swift; sourceTree = "<group>"; };
		4814CEE61CD4AD0A001556F4 /* AddBillViewController.swift */ = {isa = PBXFileReference; fileEncoding = 4; lastKnownFileType = sourcecode.swift; path = AddBillViewController.swift; sourceTree = "<group>"; };
		4814CEE81CD4B209001556F4 /* GlobalExtension.swift */ = {isa = PBXFileReference; fileEncoding = 4; lastKnownFileType = sourcecode.swift; path = GlobalExtension.swift; sourceTree = "<group>"; };
		4814CEEA1CD4F1A5001556F4 /* BillCell.xib */ = {isa = PBXFileReference; fileEncoding = 4; lastKnownFileType = file.xib; path = BillCell.xib; sourceTree = "<group>"; };
		4814CEEC1CD4F1B2001556F4 /* BillHeader.xib */ = {isa = PBXFileReference; fileEncoding = 4; lastKnownFileType = file.xib; path = BillHeader.xib; sourceTree = "<group>"; };
		4814CEEE1CD4F1D1001556F4 /* BillCellView.swift */ = {isa = PBXFileReference; fileEncoding = 4; lastKnownFileType = sourcecode.swift; path = BillCellView.swift; sourceTree = "<group>"; };
		4814CEF01CD4F1DC001556F4 /* BillHeaderView.swift */ = {isa = PBXFileReference; fileEncoding = 4; lastKnownFileType = sourcecode.swift; path = BillHeaderView.swift; sourceTree = "<group>"; };
		482D69241CEDE7F200753E6C /* StatisticsViewController.swift */ = {isa = PBXFileReference; fileEncoding = 4; lastKnownFileType = sourcecode.swift; path = StatisticsViewController.swift; sourceTree = "<group>"; };
		4840A6A31CF09FDA00EB245E /* Charts.framework */ = {isa = PBXFileReference; lastKnownFileType = wrapper.framework; name = Charts.framework; path = "../../../../../Library/Developer/Xcode/DerivedData/ProBill-auprvktnvehuebedpujbijtuxznf/Build/Products/Debug-iphoneos/Charts.framework"; sourceTree = "<group>"; };
		488917DA1CD55A0500966695 /* BillDetailViewController.swift */ = {isa = PBXFileReference; fileEncoding = 4; lastKnownFileType = sourcecode.swift; path = BillDetailViewController.swift; sourceTree = "<group>"; };
		489B441C1CD37C08003208EA /* ProBill.app */ = {isa = PBXFileReference; explicitFileType = wrapper.application; includeInIndex = 0; path = ProBill.app; sourceTree = BUILT_PRODUCTS_DIR; };
		489B441F1CD37C08003208EA /* AppDelegate.swift */ = {isa = PBXFileReference; lastKnownFileType = sourcecode.swift; path = AppDelegate.swift; sourceTree = "<group>"; };
		489B44241CD37C08003208EA /* Base */ = {isa = PBXFileReference; lastKnownFileType = file.storyboard; name = Base; path = Base.lproj/Main.storyboard; sourceTree = "<group>"; };
		489B44271CD37C08003208EA /* ProBill.xcdatamodel */ = {isa = PBXFileReference; lastKnownFileType = wrapper.xcdatamodel; path = ProBill.xcdatamodel; sourceTree = "<group>"; };
		489B44291CD37C08003208EA /* Assets.xcassets */ = {isa = PBXFileReference; lastKnownFileType = folder.assetcatalog; path = Assets.xcassets; sourceTree = "<group>"; };
		489B442C1CD37C08003208EA /* Base */ = {isa = PBXFileReference; lastKnownFileType = file.storyboard; name = Base; path = Base.lproj/LaunchScreen.storyboard; sourceTree = "<group>"; };
		489B442E1CD37C08003208EA /* Info.plist */ = {isa = PBXFileReference; lastKnownFileType = text.plist.xml; path = Info.plist; sourceTree = "<group>"; };
		489B44331CD37C09003208EA /* ProBillTests.xctest */ = {isa = PBXFileReference; explicitFileType = wrapper.cfbundle; includeInIndex = 0; path = ProBillTests.xctest; sourceTree = BUILT_PRODUCTS_DIR; };
		489B44371CD37C09003208EA /* ProBillTests.swift */ = {isa = PBXFileReference; lastKnownFileType = sourcecode.swift; path = ProBillTests.swift; sourceTree = "<group>"; };
		489B44391CD37C09003208EA /* Info.plist */ = {isa = PBXFileReference; lastKnownFileType = text.plist.xml; path = Info.plist; sourceTree = "<group>"; };
		489B44471CD3B6A2003208EA /* BillsViewController.swift */ = {isa = PBXFileReference; fileEncoding = 4; lastKnownFileType = sourcecode.swift; path = BillsViewController.swift; sourceTree = "<group>"; };
		489B44491CD3B703003208EA /* CategoriesViewController.swift */ = {isa = PBXFileReference; fileEncoding = 4; lastKnownFileType = sourcecode.swift; path = CategoriesViewController.swift; sourceTree = "<group>"; };
		489B444B1CD3BF29003208EA /* Category.swift */ = {isa = PBXFileReference; fileEncoding = 4; lastKnownFileType = sourcecode.swift; path = Category.swift; sourceTree = "<group>"; };
		489B444D1CD3C065003208EA /* SubCategory.swift */ = {isa = PBXFileReference; fileEncoding = 4; lastKnownFileType = sourcecode.swift; path = SubCategory.swift; sourceTree = "<group>"; };
		489B444F1CD3C137003208EA /* Bill.swift */ = {isa = PBXFileReference; fileEncoding = 4; lastKnownFileType = sourcecode.swift; path = Bill.swift; sourceTree = "<group>"; };
		489B44551CD3D5CD003208EA /* CategoriesCellView.swift */ = {isa = PBXFileReference; fileEncoding = 4; lastKnownFileType = sourcecode.swift; path = CategoriesCellView.swift; sourceTree = "<group>"; };
		489B44571CD3E26E003208EA /* SubCategoriesViewController.swift */ = {isa = PBXFileReference; fileEncoding = 4; lastKnownFileType = sourcecode.swift; path = SubCategoriesViewController.swift; sourceTree = "<group>"; };
		5826E0EF4D1FF7E3565F2730 /* Pods-ProBill.release.xcconfig */ = {isa = PBXFileReference; includeInIndex = 1; lastKnownFileType = text.xcconfig; name = "Pods-ProBill.release.xcconfig"; path = "Pods/Target Support Files/Pods-ProBill/Pods-ProBill.release.xcconfig"; sourceTree = "<group>"; };
		7917E2FD3B57A52BEA9EFBBA /* Pods_ProBillTests.framework */ = {isa = PBXFileReference; explicitFileType = wrapper.framework; includeInIndex = 0; path = Pods_ProBillTests.framework; sourceTree = BUILT_PRODUCTS_DIR; };
		DA8209056DDE5C8AEAD88264 /* Pods-ProBillTests.release.xcconfig */ = {isa = PBXFileReference; includeInIndex = 1; lastKnownFileType = text.xcconfig; name = "Pods-ProBillTests.release.xcconfig"; path = "Pods/Target Support Files/Pods-ProBillTests/Pods-ProBillTests.release.xcconfig"; sourceTree = "<group>"; };
		E3AD367AFB770682CEE4F9A6 /* Pods_ProBill.framework */ = {isa = PBXFileReference; explicitFileType = wrapper.framework; includeInIndex = 0; path = Pods_ProBill.framework; sourceTree = BUILT_PRODUCTS_DIR; };
/* End PBXFileReference section */

/* Begin PBXFrameworksBuildPhase section */
		489B44191CD37C08003208EA /* Frameworks */ = {
			isa = PBXFrameworksBuildPhase;
			buildActionMask = 2147483647;
			files = (
				4840A6A41CF09FDA00EB245E /* Charts.framework in Frameworks */,
				322F45483F817DEE59859DEA /* Pods_ProBill.framework in Frameworks */,
			);
			runOnlyForDeploymentPostprocessing = 0;
		};
		489B44301CD37C09003208EA /* Frameworks */ = {
			isa = PBXFrameworksBuildPhase;
			buildActionMask = 2147483647;
			files = (
				59D762CF7B213ACE5F10F2A0 /* Pods_ProBillTests.framework in Frameworks */,
			);
			runOnlyForDeploymentPostprocessing = 0;
		};
/* End PBXFrameworksBuildPhase section */

/* Begin PBXGroup section */
		482D69231CEDE7E200753E6C /* Statistics */ = {
			isa = PBXGroup;
			children = (
				482D69241CEDE7F200753E6C /* StatisticsViewController.swift */,
			);
			path = Statistics;
			sourceTree = "<group>";
		};
		489B44131CD37C08003208EA = {
			isa = PBXGroup;
			children = (
				489B441E1CD37C08003208EA /* ProBill */,
				489B44361CD37C09003208EA /* ProBillTests */,
				489B441D1CD37C08003208EA /* Products */,
				F632CDD59252B7B279225ED6 /* Frameworks */,
				BFC85085C83CBBE420C91083 /* Pods */,
			);
			sourceTree = "<group>";
		};
		489B441D1CD37C08003208EA /* Products */ = {
			isa = PBXGroup;
			children = (
				489B441C1CD37C08003208EA /* ProBill.app */,
				489B44331CD37C09003208EA /* ProBillTests.xctest */,
			);
			name = Products;
			sourceTree = "<group>";
		};
		489B441E1CD37C08003208EA /* ProBill */ = {
			isa = PBXGroup;
			children = (
				489B441F1CD37C08003208EA /* AppDelegate.swift */,
				4814CEE81CD4B209001556F4 /* GlobalExtension.swift */,
				489B44231CD37C08003208EA /* Main.storyboard */,
				489B44291CD37C08003208EA /* Assets.xcassets */,
				489B44261CD37C08003208EA /* ProBill.xcdatamodeld */,
				489B44451CD3B5CE003208EA /* Model */,
				489B44461CD3B5CE003208EA /* View */,
				489B44421CD3B5CE003208EA /* Controller */,
				489B442B1CD37C08003208EA /* LaunchScreen.storyboard */,
				489B442E1CD37C08003208EA /* Info.plist */,
			);
			path = ProBill;
			sourceTree = "<group>";
		};
		489B44361CD37C09003208EA /* ProBillTests */ = {
			isa = PBXGroup;
			children = (
				489B44371CD37C09003208EA /* ProBillTests.swift */,
				489B44391CD37C09003208EA /* Info.plist */,
			);
			path = ProBillTests;
			sourceTree = "<group>";
		};
		489B44421CD3B5CE003208EA /* Controller */ = {
			isa = PBXGroup;
			children = (
				482D69231CEDE7E200753E6C /* Statistics */,
				489B44431CD3B5CE003208EA /* Bills */,
				489B44441CD3B5CE003208EA /* Categories */,
			);
			path = Controller;
			sourceTree = "<group>";
		};
		489B44431CD3B5CE003208EA /* Bills */ = {
			isa = PBXGroup;
			children = (
				489B44471CD3B6A2003208EA /* BillsViewController.swift */,
				4814CEE61CD4AD0A001556F4 /* AddBillViewController.swift */,
				488917DA1CD55A0500966695 /* BillDetailViewController.swift */,
			);
			path = Bills;
			sourceTree = "<group>";
		};
		489B44441CD3B5CE003208EA /* Categories */ = {
			isa = PBXGroup;
			children = (
				489B44491CD3B703003208EA /* CategoriesViewController.swift */,
				489B44571CD3E26E003208EA /* SubCategoriesViewController.swift */,
			);
			path = Categories;
			sourceTree = "<group>";
		};
		489B44451CD3B5CE003208EA /* Model */ = {
			isa = PBXGroup;
			children = (
				489B444B1CD3BF29003208EA /* Category.swift */,
				489B444D1CD3C065003208EA /* SubCategory.swift */,
				489B444F1CD3C137003208EA /* Bill.swift */,
				480FC04E1CDCF4B700A57703 /* Picture.swift */,
			);
			path = Model;
			sourceTree = "<group>";
		};
		489B44461CD3B5CE003208EA /* View */ = {
			isa = PBXGroup;
			children = (
				489B44531CD3D568003208EA /* Bills */,
				489B44541CD3D568003208EA /* Categories */,
			);
			path = View;
			sourceTree = "<group>";
		};
		489B44531CD3D568003208EA /* Bills */ = {
			isa = PBXGroup;
			children = (
				4814CEEA1CD4F1A5001556F4 /* BillCell.xib */,
				4814CEF01CD4F1DC001556F4 /* BillHeaderView.swift */,
				4814CEEC1CD4F1B2001556F4 /* BillHeader.xib */,
				4814CEEE1CD4F1D1001556F4 /* BillCellView.swift */,
				480FC0481CDCB60600A57703 /* PhotoCellView.swift */,
				480FC04A1CDCB63E00A57703 /* PhotoCellView.xib */,
				480FC04C1CDCBA9C00A57703 /* AddPhotoCellView.xib */,
			);
			path = Bills;
			sourceTree = "<group>";
		};
		489B44541CD3D568003208EA /* Categories */ = {
			isa = PBXGroup;
			children = (
				489B44551CD3D5CD003208EA /* CategoriesCellView.swift */,
			);
			path = Categories;
			sourceTree = "<group>";
		};
		BFC85085C83CBBE420C91083 /* Pods */ = {
			isa = PBXGroup;
			children = (
				3475C52D8A0BEFA8CFCA8785 /* Pods-ProBill.debug.xcconfig */,
				5826E0EF4D1FF7E3565F2730 /* Pods-ProBill.release.xcconfig */,
				013CB25ECECA36F84D3F2297 /* Pods-ProBillTests.debug.xcconfig */,
				DA8209056DDE5C8AEAD88264 /* Pods-ProBillTests.release.xcconfig */,
			);
			name = Pods;
			sourceTree = "<group>";
		};
		F632CDD59252B7B279225ED6 /* Frameworks */ = {
			isa = PBXGroup;
			children = (
				4840A6A31CF09FDA00EB245E /* Charts.framework */,
				E3AD367AFB770682CEE4F9A6 /* Pods_ProBill.framework */,
				7917E2FD3B57A52BEA9EFBBA /* Pods_ProBillTests.framework */,
			);
			name = Frameworks;
			sourceTree = "<group>";
		};
/* End PBXGroup section */

/* Begin PBXNativeTarget section */
		489B441B1CD37C08003208EA /* ProBill */ = {
			isa = PBXNativeTarget;
			buildConfigurationList = 489B443C1CD37C09003208EA /* Build configuration list for PBXNativeTarget "ProBill" */;
			buildPhases = (
				B71FDA62F9973AF33D5D281C /* [CP] Check Pods Manifest.lock */,
				489B44181CD37C08003208EA /* Sources */,
				489B44191CD37C08003208EA /* Frameworks */,
				489B441A1CD37C08003208EA /* Resources */,
				CAFEB547A0201F17F608A6CB /* [CP] Embed Pods Frameworks */,
				4C88864CAC2839E6C9F9C4BD /* [CP] Copy Pods Resources */,
			);
			buildRules = (
			);
			dependencies = (
			);
			name = ProBill;
			productName = ProBill;
			productReference = 489B441C1CD37C08003208EA /* ProBill.app */;
			productType = "com.apple.product-type.application";
		};
		489B44321CD37C09003208EA /* ProBillTests */ = {
			isa = PBXNativeTarget;
			buildConfigurationList = 489B443F1CD37C09003208EA /* Build configuration list for PBXNativeTarget "ProBillTests" */;
			buildPhases = (
				3A5191736DC5E5F9603543CE /* [CP] Check Pods Manifest.lock */,
				489B442F1CD37C09003208EA /* Sources */,
				489B44301CD37C09003208EA /* Frameworks */,
				489B44311CD37C09003208EA /* Resources */,
				43C9D91F42592F4A43ED485A /* [CP] Embed Pods Frameworks */,
				5A729160AA24F979245C29A9 /* [CP] Copy Pods Resources */,
			);
			buildRules = (
			);
			dependencies = (
				489B44351CD37C09003208EA /* PBXTargetDependency */,
			);
			name = ProBillTests;
			productName = ProBillTests;
			productReference = 489B44331CD37C09003208EA /* ProBillTests.xctest */;
			productType = "com.apple.product-type.bundle.unit-test";
		};
/* End PBXNativeTarget section */

/* Begin PBXProject section */
		489B44141CD37C08003208EA /* Project object */ = {
			isa = PBXProject;
			attributes = {
				LastSwiftUpdateCheck = 0730;
				LastUpgradeCheck = 0810;
				ORGANIZATIONNAME = "MONNIER Ysee";
				TargetAttributes = {
					489B441B1CD37C08003208EA = {
						CreatedOnToolsVersion = 7.3;
						DevelopmentTeam = B6C6ND5V82;
						LastSwiftMigration = 0800;
					};
					489B44321CD37C09003208EA = {
						CreatedOnToolsVersion = 7.3;
						LastSwiftMigration = 0800;
						TestTargetID = 489B441B1CD37C08003208EA;
					};
				};
			};
			buildConfigurationList = 489B44171CD37C08003208EA /* Build configuration list for PBXProject "ProBill" */;
			compatibilityVersion = "Xcode 3.2";
			developmentRegion = English;
			hasScannedForEncodings = 0;
			knownRegions = (
				en,
				Base,
			);
			mainGroup = 489B44131CD37C08003208EA;
			productRefGroup = 489B441D1CD37C08003208EA /* Products */;
			projectDirPath = "";
			projectRoot = "";
			targets = (
				489B441B1CD37C08003208EA /* ProBill */,
				489B44321CD37C09003208EA /* ProBillTests */,
			);
		};
/* End PBXProject section */

/* Begin PBXResourcesBuildPhase section */
		489B441A1CD37C08003208EA /* Resources */ = {
			isa = PBXResourcesBuildPhase;
			buildActionMask = 2147483647;
			files = (
				4814CEEB1CD4F1A5001556F4 /* BillCell.xib in Resources */,
				480FC04B1CDCB63E00A57703 /* PhotoCellView.xib in Resources */,
				489B442D1CD37C08003208EA /* LaunchScreen.storyboard in Resources */,
				489B442A1CD37C08003208EA /* Assets.xcassets in Resources */,
				4814CEED1CD4F1B2001556F4 /* BillHeader.xib in Resources */,
				480FC04D1CDCBA9C00A57703 /* AddPhotoCellView.xib in Resources */,
				489B44251CD37C08003208EA /* Main.storyboard in Resources */,
			);
			runOnlyForDeploymentPostprocessing = 0;
		};
		489B44311CD37C09003208EA /* Resources */ = {
			isa = PBXResourcesBuildPhase;
			buildActionMask = 2147483647;
			files = (
			);
			runOnlyForDeploymentPostprocessing = 0;
		};
/* End PBXResourcesBuildPhase section */

/* Begin PBXShellScriptBuildPhase section */
		3A5191736DC5E5F9603543CE /* [CP] Check Pods Manifest.lock */ = {
			isa = PBXShellScriptBuildPhase;
			buildActionMask = 2147483647;
			files = (
			);
			inputPaths = (
			);
			name = "[CP] Check Pods Manifest.lock";
			outputPaths = (
			);
			runOnlyForDeploymentPostprocessing = 0;
			shellPath = /bin/sh;
			shellScript = "diff \"${PODS_ROOT}/../Podfile.lock\" \"${PODS_ROOT}/Manifest.lock\" > /dev/null\nif [ $? != 0 ] ; then\n    # print error to STDERR\n    echo \"error: The sandbox is not in sync with the Podfile.lock. Run 'pod install' or update your CocoaPods installation.\" >&2\n    exit 1\nfi\n";
			showEnvVarsInLog = 0;
		};
		43C9D91F42592F4A43ED485A /* [CP] Embed Pods Frameworks */ = {
			isa = PBXShellScriptBuildPhase;
			buildActionMask = 2147483647;
			files = (
			);
			inputPaths = (
			);
			name = "[CP] Embed Pods Frameworks";
			outputPaths = (
			);
			runOnlyForDeploymentPostprocessing = 0;
			shellPath = /bin/sh;
			shellScript = "\"${SRCROOT}/Pods/Target Support Files/Pods-ProBillTests/Pods-ProBillTests-frameworks.sh\"\n";
			showEnvVarsInLog = 0;
		};
		4C88864CAC2839E6C9F9C4BD /* [CP] Copy Pods Resources */ = {
			isa = PBXShellScriptBuildPhase;
			buildActionMask = 2147483647;
			files = (
			);
			inputPaths = (
			);
			name = "[CP] Copy Pods Resources";
			outputPaths = (
			);
			runOnlyForDeploymentPostprocessing = 0;
			shellPath = /bin/sh;
			shellScript = "\"${SRCROOT}/Pods/Target Support Files/Pods-ProBill/Pods-ProBill-resources.sh\"\n";
			showEnvVarsInLog = 0;
		};
		5A729160AA24F979245C29A9 /* [CP] Copy Pods Resources */ = {
			isa = PBXShellScriptBuildPhase;
			buildActionMask = 2147483647;
			files = (
			);
			inputPaths = (
			);
			name = "[CP] Copy Pods Resources";
			outputPaths = (
			);
			runOnlyForDeploymentPostprocessing = 0;
			shellPath = /bin/sh;
			shellScript = "\"${SRCROOT}/Pods/Target Support Files/Pods-ProBillTests/Pods-ProBillTests-resources.sh\"\n";
			showEnvVarsInLog = 0;
		};
		B71FDA62F9973AF33D5D281C /* [CP] Check Pods Manifest.lock */ = {
			isa = PBXShellScriptBuildPhase;
			buildActionMask = 2147483647;
			files = (
			);
			inputPaths = (
			);
			name = "[CP] Check Pods Manifest.lock";
			outputPaths = (
			);
			runOnlyForDeploymentPostprocessing = 0;
			shellPath = /bin/sh;
			shellScript = "diff \"${PODS_ROOT}/../Podfile.lock\" \"${PODS_ROOT}/Manifest.lock\" > /dev/null\nif [ $? != 0 ] ; then\n    # print error to STDERR\n    echo \"error: The sandbox is not in sync with the Podfile.lock. Run 'pod install' or update your CocoaPods installation.\" >&2\n    exit 1\nfi\n";
			showEnvVarsInLog = 0;
		};
		CAFEB547A0201F17F608A6CB /* [CP] Embed Pods Frameworks */ = {
			isa = PBXShellScriptBuildPhase;
			buildActionMask = 2147483647;
			files = (
			);
			inputPaths = (
			);
			name = "[CP] Embed Pods Frameworks";
			outputPaths = (
			);
			runOnlyForDeploymentPostprocessing = 0;
			shellPath = /bin/sh;
			shellScript = "\"${SRCROOT}/Pods/Target Support Files/Pods-ProBill/Pods-ProBill-frameworks.sh\"\n";
			showEnvVarsInLog = 0;
		};
/* End PBXShellScriptBuildPhase section */

/* Begin PBXSourcesBuildPhase section */
		489B44181CD37C08003208EA /* Sources */ = {
			isa = PBXSourcesBuildPhase;
			buildActionMask = 2147483647;
			files = (
				489B44481CD3B6A2003208EA /* BillsViewController.swift in Sources */,
				489B444C1CD3BF29003208EA /* Category.swift in Sources */,
				489B44281CD37C08003208EA /* ProBill.xcdatamodeld in Sources */,
				4814CEEF1CD4F1D1001556F4 /* BillCellView.swift in Sources */,
				480FC04F1CDCF4B700A57703 /* Picture.swift in Sources */,
				488917DB1CD55A0500966695 /* BillDetailViewController.swift in Sources */,
				489B444A1CD3B703003208EA /* CategoriesViewController.swift in Sources */,
				482D69251CEDE7F200753E6C /* StatisticsViewController.swift in Sources */,
				489B44561CD3D5CD003208EA /* CategoriesCellView.swift in Sources */,
				4814CEE71CD4AD0A001556F4 /* AddBillViewController.swift in Sources */,
				489B44501CD3C137003208EA /* Bill.swift in Sources */,
				489B444E1CD3C065003208EA /* SubCategory.swift in Sources */,
				480FC0491CDCB60600A57703 /* PhotoCellView.swift in Sources */,
				4814CEE91CD4B209001556F4 /* GlobalExtension.swift in Sources */,
				489B44201CD37C08003208EA /* AppDelegate.swift in Sources */,
				4814CEF11CD4F1DC001556F4 /* BillHeaderView.swift in Sources */,
				489B44581CD3E26E003208EA /* SubCategoriesViewController.swift in Sources */,
			);
			runOnlyForDeploymentPostprocessing = 0;
		};
		489B442F1CD37C09003208EA /* Sources */ = {
			isa = PBXSourcesBuildPhase;
			buildActionMask = 2147483647;
			files = (
				489B44381CD37C09003208EA /* ProBillTests.swift in Sources */,
			);
			runOnlyForDeploymentPostprocessing = 0;
		};
/* End PBXSourcesBuildPhase section */

/* Begin PBXTargetDependency section */
		489B44351CD37C09003208EA /* PBXTargetDependency */ = {
			isa = PBXTargetDependency;
			target = 489B441B1CD37C08003208EA /* ProBill */;
			targetProxy = 489B44341CD37C09003208EA /* PBXContainerItemProxy */;
		};
/* End PBXTargetDependency section */

/* Begin PBXVariantGroup section */
		489B44231CD37C08003208EA /* Main.storyboard */ = {
			isa = PBXVariantGroup;
			children = (
				489B44241CD37C08003208EA /* Base */,
			);
			name = Main.storyboard;
			sourceTree = "<group>";
		};
		489B442B1CD37C08003208EA /* LaunchScreen.storyboard */ = {
			isa = PBXVariantGroup;
			children = (
				489B442C1CD37C08003208EA /* Base */,
			);
			name = LaunchScreen.storyboard;
			sourceTree = "<group>";
		};
/* End PBXVariantGroup section */

/* Begin XCBuildConfiguration section */
		489B443A1CD37C09003208EA /* Debug */ = {
			isa = XCBuildConfiguration;
			buildSettings = {
				ALWAYS_SEARCH_USER_PATHS = NO;
				CLANG_ANALYZER_NONNULL = YES;
				CLANG_CXX_LANGUAGE_STANDARD = "gnu++0x";
				CLANG_CXX_LIBRARY = "libc++";
				CLANG_ENABLE_MODULES = YES;
				CLANG_ENABLE_OBJC_ARC = YES;
				CLANG_WARN_BOOL_CONVERSION = YES;
				CLANG_WARN_CONSTANT_CONVERSION = YES;
				CLANG_WARN_DIRECT_OBJC_ISA_USAGE = YES_ERROR;
				CLANG_WARN_EMPTY_BODY = YES;
				CLANG_WARN_ENUM_CONVERSION = YES;
				CLANG_WARN_INFINITE_RECURSION = YES;
				CLANG_WARN_INT_CONVERSION = YES;
				CLANG_WARN_OBJC_ROOT_CLASS = YES_ERROR;
				CLANG_WARN_SUSPICIOUS_MOVE = YES;
				CLANG_WARN_UNREACHABLE_CODE = YES;
				CLANG_WARN__DUPLICATE_METHOD_MATCH = YES;
				"CODE_SIGN_IDENTITY[sdk=iphoneos*]" = "iPhone Developer";
				COPY_PHASE_STRIP = NO;
				DEBUG_INFORMATION_FORMAT = dwarf;
				ENABLE_STRICT_OBJC_MSGSEND = YES;
				ENABLE_TESTABILITY = YES;
				GCC_C_LANGUAGE_STANDARD = gnu99;
				GCC_DYNAMIC_NO_PIC = NO;
				GCC_NO_COMMON_BLOCKS = YES;
				GCC_OPTIMIZATION_LEVEL = 0;
				GCC_PREPROCESSOR_DEFINITIONS = (
					"DEBUG=1",
					"$(inherited)",
				);
				GCC_WARN_64_TO_32_BIT_CONVERSION = YES;
				GCC_WARN_ABOUT_RETURN_TYPE = YES_ERROR;
				GCC_WARN_UNDECLARED_SELECTOR = YES;
				GCC_WARN_UNINITIALIZED_AUTOS = YES_AGGRESSIVE;
				GCC_WARN_UNUSED_FUNCTION = YES;
				GCC_WARN_UNUSED_VARIABLE = YES;
				IPHONEOS_DEPLOYMENT_TARGET = 9.3;
				MTL_ENABLE_DEBUG_INFO = YES;
				ONLY_ACTIVE_ARCH = YES;
				SDKROOT = iphoneos;
				SWIFT_OPTIMIZATION_LEVEL = "-Onone";
			};
			name = Debug;
		};
		489B443B1CD37C09003208EA /* Release */ = {
			isa = XCBuildConfiguration;
			buildSettings = {
				ALWAYS_SEARCH_USER_PATHS = NO;
				CLANG_ANALYZER_NONNULL = YES;
				CLANG_CXX_LANGUAGE_STANDARD = "gnu++0x";
				CLANG_CXX_LIBRARY = "libc++";
				CLANG_ENABLE_MODULES = YES;
				CLANG_ENABLE_OBJC_ARC = YES;
				CLANG_WARN_BOOL_CONVERSION = YES;
				CLANG_WARN_CONSTANT_CONVERSION = YES;
				CLANG_WARN_DIRECT_OBJC_ISA_USAGE = YES_ERROR;
				CLANG_WARN_EMPTY_BODY = YES;
				CLANG_WARN_ENUM_CONVERSION = YES;
				CLANG_WARN_INFINITE_RECURSION = YES;
				CLANG_WARN_INT_CONVERSION = YES;
				CLANG_WARN_OBJC_ROOT_CLASS = YES_ERROR;
				CLANG_WARN_SUSPICIOUS_MOVE = YES;
				CLANG_WARN_UNREACHABLE_CODE = YES;
				CLANG_WARN__DUPLICATE_METHOD_MATCH = YES;
				"CODE_SIGN_IDENTITY[sdk=iphoneos*]" = "iPhone Developer";
				COPY_PHASE_STRIP = NO;
				DEBUG_INFORMATION_FORMAT = "dwarf-with-dsym";
				ENABLE_NS_ASSERTIONS = NO;
				ENABLE_STRICT_OBJC_MSGSEND = YES;
				GCC_C_LANGUAGE_STANDARD = gnu99;
				GCC_NO_COMMON_BLOCKS = YES;
				GCC_WARN_64_TO_32_BIT_CONVERSION = YES;
				GCC_WARN_ABOUT_RETURN_TYPE = YES_ERROR;
				GCC_WARN_UNDECLARED_SELECTOR = YES;
				GCC_WARN_UNINITIALIZED_AUTOS = YES_AGGRESSIVE;
				GCC_WARN_UNUSED_FUNCTION = YES;
				GCC_WARN_UNUSED_VARIABLE = YES;
				IPHONEOS_DEPLOYMENT_TARGET = 9.3;
				MTL_ENABLE_DEBUG_INFO = NO;
				SDKROOT = iphoneos;
				SWIFT_OPTIMIZATION_LEVEL = "-Owholemodule";
				VALIDATE_PRODUCT = YES;
			};
			name = Release;
		};
		489B443D1CD37C09003208EA /* Debug */ = {
			isa = XCBuildConfiguration;
			baseConfigurationReference = 3475C52D8A0BEFA8CFCA8785 /* Pods-ProBill.debug.xcconfig */;
			buildSettings = {
				ALWAYS_EMBED_SWIFT_STANDARD_LIBRARIES = YES;
				ASSETCATALOG_COMPILER_APPICON_NAME = AppIcon;
				CODE_SIGN_IDENTITY = "iPhone Developer";
				"CODE_SIGN_IDENTITY[sdk=iphoneos*]" = "iPhone Developer";
				DEVELOPMENT_TEAM = B6C6ND5V82;
				INFOPLIST_FILE = ProBill/Info.plist;
				IPHONEOS_DEPLOYMENT_TARGET = 8.0;
				LD_RUNPATH_SEARCH_PATHS = "$(inherited) @executable_path/Frameworks";
				PRODUCT_BUNDLE_IDENTIFIER = com.yseemonnier.ProBill;
				PRODUCT_NAME = "$(TARGET_NAME)";
				PROVISIONING_PROFILE = "";
				SWIFT_VERSION = 3.0;
			};
			name = Debug;
		};
		489B443E1CD37C09003208EA /* Release */ = {
			isa = XCBuildConfiguration;
			baseConfigurationReference = 5826E0EF4D1FF7E3565F2730 /* Pods-ProBill.release.xcconfig */;
			buildSettings = {
				ALWAYS_EMBED_SWIFT_STANDARD_LIBRARIES = YES;
				ASSETCATALOG_COMPILER_APPICON_NAME = AppIcon;
				CODE_SIGN_IDENTITY = "iPhone Developer";
				"CODE_SIGN_IDENTITY[sdk=iphoneos*]" = "iPhone Developer";
				DEVELOPMENT_TEAM = B6C6ND5V82;
				INFOPLIST_FILE = ProBill/Info.plist;
				IPHONEOS_DEPLOYMENT_TARGET = 8.0;
				LD_RUNPATH_SEARCH_PATHS = "$(inherited) @executable_path/Frameworks";
				PRODUCT_BUNDLE_IDENTIFIER = com.yseemonnier.ProBill;
				PRODUCT_NAME = "$(TARGET_NAME)";
				PROVISIONING_PROFILE = "";
				SWIFT_VERSION = 3.0;
			};
			name = Release;
		};
		489B44401CD37C09003208EA /* Debug */ = {
			isa = XCBuildConfiguration;
			baseConfigurationReference = 013CB25ECECA36F84D3F2297 /* Pods-ProBillTests.debug.xcconfig */;
			buildSettings = {
				BUNDLE_LOADER = "$(TEST_HOST)";
				INFOPLIST_FILE = ProBillTests/Info.plist;
				LD_RUNPATH_SEARCH_PATHS = "$(inherited) @executable_path/Frameworks @loader_path/Frameworks";
				PRODUCT_BUNDLE_IDENTIFIER = com.yseemonnier.ProBillTests;
				PRODUCT_NAME = "$(TARGET_NAME)";
				SWIFT_VERSION = 3.0;
				TEST_HOST = "$(BUILT_PRODUCTS_DIR)/ProBill.app/ProBill";
			};
			name = Debug;
		};
		489B44411CD37C09003208EA /* Release */ = {
			isa = XCBuildConfiguration;
			baseConfigurationReference = DA8209056DDE5C8AEAD88264 /* Pods-ProBillTests.release.xcconfig */;
			buildSettings = {
				BUNDLE_LOADER = "$(TEST_HOST)";
				INFOPLIST_FILE = ProBillTests/Info.plist;
				LD_RUNPATH_SEARCH_PATHS = "$(inherited) @executable_path/Frameworks @loader_path/Frameworks";
				PRODUCT_BUNDLE_IDENTIFIER = com.yseemonnier.ProBillTests;
				PRODUCT_NAME = "$(TARGET_NAME)";
				SWIFT_VERSION = 3.0;
				TEST_HOST = "$(BUILT_PRODUCTS_DIR)/ProBill.app/ProBill";
			};
			name = Release;
		};
/* End XCBuildConfiguration section */

/* Begin XCConfigurationList section */
		489B44171CD37C08003208EA /* Build configuration list for PBXProject "ProBill" */ = {
			isa = XCConfigurationList;
			buildConfigurations = (
				489B443A1CD37C09003208EA /* Debug */,
				489B443B1CD37C09003208EA /* Release */,
			);
			defaultConfigurationIsVisible = 0;
			defaultConfigurationName = Release;
		};
		489B443C1CD37C09003208EA /* Build configuration list for PBXNativeTarget "ProBill" */ = {
			isa = XCConfigurationList;
			buildConfigurations = (
				489B443D1CD37C09003208EA /* Debug */,
				489B443E1CD37C09003208EA /* Release */,
			);
			defaultConfigurationIsVisible = 0;
			defaultConfigurationName = Release;
		};
		489B443F1CD37C09003208EA /* Build configuration list for PBXNativeTarget "ProBillTests" */ = {
			isa = XCConfigurationList;
			buildConfigurations = (
				489B44401CD37C09003208EA /* Debug */,
				489B44411CD37C09003208EA /* Release */,
			);
			defaultConfigurationIsVisible = 0;
			defaultConfigurationName = Release;
		};
/* End XCConfigurationList section */

/* Begin XCVersionGroup section */
		489B44261CD37C08003208EA /* ProBill.xcdatamodeld */ = {
			isa = XCVersionGroup;
			children = (
				489B44271CD37C08003208EA /* ProBill.xcdatamodel */,
			);
			currentVersion = 489B44271CD37C08003208EA /* ProBill.xcdatamodel */;
			path = ProBill.xcdatamodeld;
			sourceTree = "<group>";
			versionGroupType = wrapper.xcdatamodel;
		};
/* End XCVersionGroup section */
	};
	rootObject = 489B44141CD37C08003208EA /* Project object */;
}
